
Microsoft Visual Studio Solution File, Format Version 12.00
# Visual Studio Version 17
VisualStudioVersion = 17.1.32228.430
MinimumVisualStudioVersion = 10.0.40219.1
Project("{FAE04EC0-301F-11D3-BF4B-00C04F79EFBC}") = "lab_06", "lab_06\lab_06.csproj", "{6E853011-7D10-4489-B032-B5BFEA1075D5}"
EndProject
Global
	GlobalSection(SolutionConfigurationPlatforms) = preSolution
		Debug|Any CPU = Debug|Any CPU
		Release|Any CPU = Release|Any CPU
	EndGlobalSection
	GlobalSection(ProjectConfigurationPlatforms) = postSolution
		{6E853011-7D10-4489-B032-B5BFEA1075D5}.Debug|Any CPU.ActiveCfg = Debug|Any CPU
		{6E853011-7D10-4489-B032-B5BFEA1075D5}.Debug|Any CPU.Build.0 = Debug|Any CPU
		{6E853011-7D10-4489-B032-B5BFEA1075D5}.Release|Any CPU.ActiveCfg = Release|Any CPU
		{6E853011-7D10-4489-B032-B5BFEA1075D5}.Release|Any CPU.Build.0 = Release|Any CPU
	EndGlobalSection
	GlobalSection(SolutionProperties) = preSolution
		HideSolutionNode = FALSE
	EndGlobalSection
	GlobalSection(ExtensibilityGlobals) = postSolution
		SolutionGuid = {9566484E-DC0D-40D1-AF7E-C6E0A87F5EF1}
	EndGlobalSection
EndGlobal
